
Microsoft Visual Studio Solution File, Format Version 12.00
# Visual Studio Version 16
VisualStudioVersion = 16.0.29521.150
MinimumVisualStudioVersion = 10.0.40219.1
Project("{FAE04EC0-301F-11D3-BF4B-00C04F79EFBC}") = "Casino", "Casino\Casino.csproj", "{AD041F8C-0C9B-4B52-995C-191DDD3E5705}"
EndProject
Project("{FAE04EC0-301F-11D3-BF4B-00C04F79EFBC}") = "Datos", "Datos\Datos.csproj", "{91F9DD36-B18E-4E1B-B0E3-8DAE139DDDB3}"
EndProject
Project("{FAE04EC0-301F-11D3-BF4B-00C04F79EFBC}") = "Logica", "Logica\Logica.csproj", "{B32E6F5B-5395-4AAB-94B8-B9C171BC01C5}"
EndProject
Global
	GlobalSection(SolutionConfigurationPlatforms) = preSolution
		Debug|Any CPU = Debug|Any CPU
		Release|Any CPU = Release|Any CPU
	EndGlobalSection
	GlobalSection(ProjectConfigurationPlatforms) = postSolution
		{AD041F8C-0C9B-4B52-995C-191DDD3E5705}.Debug|Any CPU.ActiveCfg = Debug|Any CPU
		{AD041F8C-0C9B-4B52-995C-191DDD3E5705}.Debug|Any CPU.Build.0 = Debug|Any CPU
		{AD041F8C-0C9B-4B52-995C-191DDD3E5705}.Release|Any CPU.ActiveCfg = Release|Any CPU
		{AD041F8C-0C9B-4B52-995C-191DDD3E5705}.Release|Any CPU.Build.0 = Release|Any CPU
		{91F9DD36-B18E-4E1B-B0E3-8DAE139DDDB3}.Debug|Any CPU.ActiveCfg = Debug|Any CPU
		{91F9DD36-B18E-4E1B-B0E3-8DAE139DDDB3}.Debug|Any CPU.Build.0 = Debug|Any CPU
		{91F9DD36-B18E-4E1B-B0E3-8DAE139DDDB3}.Release|Any CPU.ActiveCfg = Release|Any CPU
		{91F9DD36-B18E-4E1B-B0E3-8DAE139DDDB3}.Release|Any CPU.Build.0 = Release|Any CPU
		{B32E6F5B-5395-4AAB-94B8-B9C171BC01C5}.Debug|Any CPU.ActiveCfg = Debug|Any CPU
		{B32E6F5B-5395-4AAB-94B8-B9C171BC01C5}.Debug|Any CPU.Build.0 = Debug|Any CPU
		{B32E6F5B-5395-4AAB-94B8-B9C171BC01C5}.Release|Any CPU.ActiveCfg = Release|Any CPU
		{B32E6F5B-5395-4AAB-94B8-B9C171BC01C5}.Release|Any CPU.Build.0 = Release|Any CPU
	EndGlobalSection
	GlobalSection(SolutionProperties) = preSolution
		HideSolutionNode = FALSE
	EndGlobalSection
	GlobalSection(ExtensibilityGlobals) = postSolution
		SolutionGuid = {B82AE1B5-1A9A-4ADA-9CEF-D96414A9E70A}
	EndGlobalSection
EndGlobal
